
Microsoft Visual Studio Solution File, Format Version 12.00
# Visual Studio Version 17
VisualStudioVersion = 17.7.34221.43
MinimumVisualStudioVersion = 10.0.40219.1
Project("{FAE04EC0-301F-11D3-BF4B-00C04F79EFBC}") = "IntelHexCombiner", "IntelHexCombiner.csproj", "{D0CFD496-DF21-432B-B23B-9C6FF92C880A}"
EndProject
Global
	GlobalSection(SolutionConfigurationPlatforms) = preSolution
		Debug|Any CPU = Debug|Any CPU
		Release|Any CPU = Release|Any CPU
	EndGlobalSection
	GlobalSection(ProjectConfigurationPlatforms) = postSolution
		{D0CFD496-DF21-432B-B23B-9C6FF92C880A}.Debug|Any CPU.ActiveCfg = Debug|Any CPU
		{D0CFD496-DF21-432B-B23B-9C6FF92C880A}.Debug|Any CPU.Build.0 = Debug|Any CPU
		{D0CFD496-DF21-432B-B23B-9C6FF92C880A}.Release|Any CPU.ActiveCfg = Release|Any CPU
		{D0CFD496-DF21-432B-B23B-9C6FF92C880A}.Release|Any CPU.Build.0 = Release|Any CPU
	EndGlobalSection
	GlobalSection(SolutionProperties) = preSolution
		HideSolutionNode = FALSE
	EndGlobalSection
	GlobalSection(ExtensibilityGlobals) = postSolution
		SolutionGuid = {5CD8F0A1-9BBC-4F93-87D3-9F41F4DBFC25}
	EndGlobalSection
EndGlobal
